{
  "requires": true,
  "lockfileVersion": 1,
  "dependencies": {
    "ant-mini-dice-roller": {
      "version": "1.0.3",
      "resolved": "https://registry.npmjs.org/ant-mini-dice-roller/-/ant-mini-dice-roller-1.0.3.tgz",
      "integrity": "sha512-CkjdTfzgUbRW1KAJvspBU9VW+Y+giVs9o8cebSiNkf8iuByJkjh+8P04PrBovSafKfBIQCJfwDIW9KoMZp2PqA=="
    },
    "ant-mini-flip-draw": {
      "version": "1.0.2",
      "resolved": "https://registry.npmjs.org/ant-mini-flip-draw/-/ant-mini-flip-draw-1.0.2.tgz",
      "integrity": "sha512-eID5N0P26Qh4/TEXJmeCHQY6CifFca/NrwsbyUWnKRpggRTin1I2dqBdUo2+Ho0W1xOSuCwmKtTif9hXb+Kk+Q=="
    },
    "ant-mini-fruit-slots": {
      "version": "1.0.3",
      "resolved": "https://registry.npmjs.org/ant-mini-fruit-slots/-/ant-mini-fruit-slots-1.0.3.tgz",
      "integrity": "sha512-FCoDa3M6pkb3zet//Ov1egmb+544szA98vt7+VrecqdiRyfzc5/KaCtINwy1e0ASaXbq7acc0qKNIKDIfu13cA=="
    },
    "ant-mini-hit-eggs": {
      "version": "1.0.2",
      "resolved": "https://registry.npmjs.org/ant-mini-hit-eggs/-/ant-mini-hit-eggs-1.0.2.tgz",
      "integrity": "sha512-zEL0ENDVDrmdrCb2uwPwZFJnaby/osDKETYVyVJxHGru4ckWJUdG5jFurf7ooJ9f2DJL9I58gROK+wlCOmXYJQ=="
    },
    "ant-mini-lock": {
      "version": "1.0.0",
      "resolved": "https://registry.npmjs.org/ant-mini-lock/-/ant-mini-lock-1.0.0.tgz",
      "integrity": "sha512-d18YMftlEZ3lf/ropM1xO4rKrpijnZsgY7lScP2cKmrg0tRbN6EmhcKWTwb1oP+DPToyyHXZZY8alJCheEaLjw=="
    },
    "ant-mini-scratch-card": {
      "version": "1.0.8",
      "resolved": "https://registry.npmjs.org/ant-mini-scratch-card/-/ant-mini-scratch-card-1.0.8.tgz",
      "integrity": "sha512-euZJGwi6PCrpUuYin/RqASiJf8mWeEDgqGpuyuWc5rH5bwxa6y0VObjY2ai3YbsYAZkQ5PH/lrbN7aJReIwhPg=="
    },
    "ant-mini-wheel-draw": {
      "version": "1.0.1",
      "resolved": "https://registry.npmjs.org/ant-mini-wheel-draw/-/ant-mini-wheel-draw-1.0.1.tgz",
      "integrity": "sha512-dr2hBeJmdF6dgJEWd7N9QVYhiI+7ckTpS06iHBvk1WeLibgHJddj4XkPmaK3hp3zvmb/43FeCBnE/+ENYqAgmA=="
    },
    "mini-ali-ui": {
      "version": "1.0.8",
      "resolved": "https://registry.npmjs.org/mini-ali-ui/-/mini-ali-ui-1.0.8.tgz",
      "integrity": "sha512-AF6on3G1AftnYMVlGvx9bSKJUjt8F9vl11na3755RJXTYx+1gQ1PAPkbhLyObBwhx8ZFqz0OJFQvgJCkqDZpBA=="
    }
  }
}
